// !$*UTF8*$!
{
	archiveVersion = 1;
	classes = {
	};
	objectVersion = 46;
	objects = {

/* Begin PBXBuildFile section */
		2D1EDA1D1F6A0BBD006B773D /* main.c in Sources */ = {isa = PBXBuildFile; fileRef = 2D1EDA1C1F6A0BBD006B773D /* main.c */; };
/* End PBXBuildFile section */

/* Begin PBXCopyFilesBuildPhase section */
		2D1EDA171F6A0BBD006B773D /* CopyFiles */ = {
			isa = PBXCopyFilesBuildPhase;
			buildActionMask = 2147483647;
			dstPath = /usr/share/man/man1/;
			dstSubfolderSpec = 0;
			files = (
			);
			runOnlyForDeploymentPostprocessing = 1;
		};
/* End PBXCopyFilesBuildPhase section */

/* Begin PBXFileReference section */
		2D1EDA191F6A0BBD006B773D /* 2.2 - Write getline without && and || operator */ = {isa = PBXFileReference; explicitFileType = "compiled.mach-o.executable"; includeInIndex = 0; path = "2.2 - Write getline without && and || operator"; sourceTree = BUILT_PRODUCTS_DIR; };
		2D1EDA1C1F6A0BBD006B773D /* main.c */ = {isa = PBXFileReference; lastKnownFileType = sourcecode.c.c; path = main.c; sourceTree = "<group>"; };
/* End PBXFileReference section */

/* Begin PBXFrameworksBuildPhase section */
		2D1EDA161F6A0BBD006B773D /* Frameworks */ = {
			isa = PBXFrameworksBuildPhase;
			buildActionMask = 2147483647;
			files = (
			);
			runOnlyForDeploymentPostprocessing = 0;
		};
/* End PBXFrameworksBuildPhase section */

/* Begin PBXGroup section */
		2D1EDA101F6A0BBD006B773D = {
			isa = PBXGroup;
			children = (
				2D1EDA1B1F6A0BBD006B773D /* 2.2 - Write getline without && and || operator */,
				2D1EDA1A1F6A0BBD006B773D /* Products */,
			);
			sourceTree = "<group>";
		};
		2D1EDA1A1F6A0BBD006B773D /* Products */ = {
			isa = PBXGroup;
			children = (
				2D1EDA191F6A0BBD006B773D /* 2.2 - Write getline without && and || operator */,
			);
			name = Products;
			sourceTree = "<group>";
		};
		2D1EDA1B1F6A0BBD006B773D /* 2.2 - Write getline without && and || operator */ = {
			isa = PBXGroup;
			children = (
				2D1EDA1C1F6A0BBD006B773D /* main.c */,
			);
			path = "2.2 - Write getline without && and || operator";
			sourceTree = "<group>";
		};
/* End PBXGroup section */

/* Begin PBXNativeTarget section */
		2D1EDA181F6A0BBD006B773D /* 2.2 - Write getline without && and || operator */ = {
			isa = PBXNativeTarget;
			buildConfigurationList = 2D1EDA201F6A0BBD006B773D /* Build configuration list for PBXNativeTarget "2.2 - Write getline without && and || operator" */;
			buildPhases = (
				2D1EDA151F6A0BBD006B773D /* Sources */,
				2D1EDA161F6A0BBD006B773D /* Frameworks */,
				2D1EDA171F6A0BBD006B773D /* CopyFiles */,
			);
			buildRules = (
			);
			dependencies = (
			);
			name = "2.2 - Write getline without && and || operator";
			productName = "2.2 - Write getline without && and || operator";
			productReference = 2D1EDA191F6A0BBD006B773D /* 2.2 - Write getline without && and || operator */;
			productType = "com.apple.product-type.tool";
		};
/* End PBXNativeTarget section */

/* Begin PBXProject section */
		2D1EDA111F6A0BBD006B773D /* Project object */ = {
			isa = PBXProject;
			attributes = {
				LastUpgradeCheck = 0830;
				ORGANIZATIONNAME = Johnny_L;
				TargetAttributes = {
					2D1EDA181F6A0BBD006B773D = {
						CreatedOnToolsVersion = 8.3.3;
						DevelopmentTeam = 9NNKG45Q2D;
						ProvisioningStyle = Automatic;
					};
				};
			};
			buildConfigurationList = 2D1EDA141F6A0BBD006B773D /* Build configuration list for PBXProject "2.2 - Write getline without && and || operator" */;
			compatibilityVersion = "Xcode 3.2";
			developmentRegion = English;
			hasScannedForEncodings = 0;
			knownRegions = (
				en,
			);
			mainGroup = 2D1EDA101F6A0BBD006B773D;
			productRefGroup = 2D1EDA1A1F6A0BBD006B773D /* Products */;
			projectDirPath = "";
			projectRoot = "";
			targets = (
				2D1EDA181F6A0BBD006B773D /* 2.2 - Write getline without && and || operator */,
			);
		};
/* End PBXProject section */

/* Begin PBXSourcesBuildPhase section */
		2D1EDA151F6A0BBD006B773D /* Sources */ = {
			isa = PBXSourcesBuildPhase;
			buildActionMask = 2147483647;
			files = (
				2D1EDA1D1F6A0BBD006B773D /* main.c in Sources */,
			);
			runOnlyForDeploymentPostprocessing = 0;
		};
/* End PBXSourcesBuildPhase section */

/* Begin XCBuildConfiguration section */
		2D1EDA1E1F6A0BBD006B773D /* Debug */ = {
			isa = XCBuildConfiguration;
			buildSettings = {
				ALWAYS_SEARCH_USER_PATHS = NO;
				CLANG_ANALYZER_NONNULL = YES;
				CLANG_ANALYZER_NUMBER_OBJECT_CONVERSION = YES_AGGRESSIVE;
				CLANG_CXX_LANGUAGE_STANDARD = "gnu++0x";
				CLANG_CXX_LIBRARY = "libc++";
				CLANG_ENABLE_MODULES = YES;
				CLANG_ENABLE_OBJC_ARC = YES;
				CLANG_WARN_BOOL_CONVERSION = YES;
				CLANG_WARN_CONSTANT_CONVERSION = YES;
				CLANG_WARN_DIRECT_OBJC_ISA_USAGE = YES_ERROR;
				CLANG_WARN_DOCUMENTATION_COMMENTS = YES;
				CLANG_WARN_EMPTY_BODY = YES;
				CLANG_WARN_ENUM_CONVERSION = YES;
				CLANG_WARN_INFINITE_RECURSION = YES;
				CLANG_WARN_INT_CONVERSION = YES;
				CLANG_WARN_OBJC_ROOT_CLASS = YES_ERROR;
				CLANG_WARN_SUSPICIOUS_MOVE = YES;
				CLANG_WARN_UNREACHABLE_CODE = YES;
				CLANG_WARN__DUPLICATE_METHOD_MATCH = YES;
				CODE_SIGN_IDENTITY = "-";
				COPY_PHASE_STRIP = NO;
				DEBUG_INFORMATION_FORMAT = dwarf;
				ENABLE_STRICT_OBJC_MSGSEND = YES;
				ENABLE_TESTABILITY = YES;
				GCC_C_LANGUAGE_STANDARD = gnu99;
				GCC_DYNAMIC_NO_PIC = NO;
				GCC_NO_COMMON_BLOCKS = YES;
				GCC_OPTIMIZATION_LEVEL = 0;
				GCC_PREPROCESSOR_DEFINITIONS = (
					"DEBUG=1",
					"$(inherited)",
				);
				GCC_WARN_64_TO_32_BIT_CONVERSION = YES;
				GCC_WARN_ABOUT_RETURN_TYPE = YES_ERROR;
				GCC_WARN_UNDECLARED_SELECTOR = YES;
				GCC_WARN_UNINITIALIZED_AUTOS = YES_AGGRESSIVE;
				GCC_WARN_UNUSED_FUNCTION = YES;
				GCC_WARN_UNUSED_VARIABLE = YES;
				MACOSX_DEPLOYMENT_TARGET = 10.12;
				MTL_ENABLE_DEBUG_INFO = YES;
				ONLY_ACTIVE_ARCH = YES;
				SDKROOT = macosx;
			};
			name = Debug;
		};
		2D1EDA1F1F6A0BBD006B773D /* Release */ = {
			isa = XCBuildConfiguration;
			buildSettings = {
				ALWAYS_SEARCH_USER_PATHS = NO;
				CLANG_ANALYZER_NONNULL = YES;
				CLANG_ANALYZER_NUMBER_OBJECT_CONVERSION = YES_AGGRESSIVE;
				CLANG_CXX_LANGUAGE_STANDARD = "gnu++0x";
				CLANG_CXX_LIBRARY = "libc++";
				CLANG_ENABLE_MODULES = YES;
				CLANG_ENABLE_OBJC_ARC = YES;
				CLANG_WARN_BOOL_CONVERSION = YES;
				CLANG_WARN_CONSTANT_CONVERSION = YES;
				CLANG_WARN_DIRECT_OBJC_ISA_USAGE = YES_ERROR;
				CLANG_WARN_DOCUMENTATION_COMMENTS = YES;
				CLANG_WARN_EMPTY_BODY = YES;
				CLANG_WARN_ENUM_CONVERSION = YES;
				CLANG_WARN_INFINITE_RECURSION = YES;
				CLANG_WARN_INT_CONVERSION = YES;
				CLANG_WARN_OBJC_ROOT_CLASS = YES_ERROR;
				CLANG_WARN_SUSPICIOUS_MOVE = YES;
				CLANG_WARN_UNREACHABLE_CODE = YES;
				CLANG_WARN__DUPLICATE_METHOD_MATCH = YES;
				CODE_SIGN_IDENTITY = "-";
				COPY_PHASE_STRIP = NO;
				DEBUG_INFORMATION_FORMAT = "dwarf-with-dsym";
				ENABLE_NS_ASSERTIONS = NO;
				ENABLE_STRICT_OBJC_MSGSEND = YES;
				GCC_C_LANGUAGE_STANDARD = gnu99;
				GCC_NO_COMMON_BLOCKS = YES;
				GCC_WARN_64_TO_32_BIT_CONVERSION = YES;
				GCC_WARN_ABOUT_RETURN_TYPE = YES_ERROR;
				GCC_WARN_UNDECLARED_SELECTOR = YES;
				GCC_WARN_UNINITIALIZED_AUTOS = YES_AGGRESSIVE;
				GCC_WARN_UNUSED_FUNCTION = YES;
				GCC_WARN_UNUSED_VARIABLE = YES;
				MACOSX_DEPLOYMENT_TARGET = 10.12;
				MTL_ENABLE_DEBUG_INFO = NO;
				SDKROOT = macosx;
			};
			name = Release;
		};
		2D1EDA211F6A0BBD006B773D /* Debug */ = {
			isa = XCBuildConfiguration;
			buildSettings = {
				DEVELOPMENT_TEAM = 9NNKG45Q2D;
				PRODUCT_NAME = "$(TARGET_NAME)";
			};
			name = Debug;
		};
		2D1EDA221F6A0BBD006B773D /* Release */ = {
			isa = XCBuildConfiguration;
			buildSettings = {
				DEVELOPMENT_TEAM = 9NNKG45Q2D;
				PRODUCT_NAME = "$(TARGET_NAME)";
			};
			name = Release;
		};
/* End XCBuildConfiguration section */

/* Begin XCConfigurationList section */
		2D1EDA141F6A0BBD006B773D /* Build configuration list for PBXProject "2.2 - Write getline without && and || operator" */ = {
			isa = XCConfigurationList;
			buildConfigurations = (
				2D1EDA1E1F6A0BBD006B773D /* Debug */,
				2D1EDA1F1F6A0BBD006B773D /* Release */,
			);
			defaultConfigurationIsVisible = 0;
			defaultConfigurationName = Release;
		};
		2D1EDA201F6A0BBD006B773D /* Build configuration list for PBXNativeTarget "2.2 - Write getline without && and || operator" */ = {
			isa = XCConfigurationList;
			buildConfigurations = (
				2D1EDA211F6A0BBD006B773D /* Debug */,
				2D1EDA221F6A0BBD006B773D /* Release */,
			);
			defaultConfigurationIsVisible = 0;
		};
/* End XCConfigurationList section */
	};
	rootObject = 2D1EDA111F6A0BBD006B773D /* Project object */;
}
